// !$*UTF8*$!
{
	archiveVersion = 1;
	classes = {
	};
	objectVersion = 56;
	objects = {

/* Begin PBXBuildFile section */
		6B2EE5A728E54AE300AC12ED /* main.swift in Sources */ = {isa = PBXBuildFile; fileRef = 6B2EE5A628E54AE300AC12ED /* main.swift */; };
/* End PBXBuildFile section */

/* Begin PBXCopyFilesBuildPhase section */
		6B2AA8D228D8540A0034EBF2 /* CopyFiles */ = {
			isa = PBXCopyFilesBuildPhase;
			buildActionMask = 2147483647;
			dstPath = /usr/share/man/man1/;
			dstSubfolderSpec = 0;
			files = (
			);
			runOnlyForDeploymentPostprocessing = 1;
		};
/* End PBXCopyFilesBuildPhase section */

/* Begin PBXFileReference section */
		6B0CD8A82965787100AC1E67 /* Basics01.swift */ = {isa = PBXFileReference; lastKnownFileType = sourcecode.swift; path = Basics01.swift; sourceTree = "<group>"; };
		6B0CFA2C296F208200237FB9 /* 성적이 낮은 순서로 학생 출력하기.swift */ = {isa = PBXFileReference; lastKnownFileType = sourcecode.swift; path = "성적이 낮은 순서로 학생 출력하기.swift"; sourceTree = "<group>"; };
		6B291AD728EFC805003A9623 /* Graph04.swift */ = {isa = PBXFileReference; lastKnownFileType = sourcecode.swift; path = Graph04.swift; sourceTree = "<group>"; };
		6B291ADA28EFD7B4003A9623 /* DoublyLinkedList.swift */ = {isa = PBXFileReference; lastKnownFileType = sourcecode.swift; path = DoublyLinkedList.swift; sourceTree = "<group>"; };
		6B291ADC28EFEB8D003A9623 /* Graph05.swift */ = {isa = PBXFileReference; lastKnownFileType = sourcecode.swift; path = Graph05.swift; sourceTree = "<group>"; };
		6B2AA8D428D8540A0034EBF2 /* Algorithm */ = {isa = PBXFileReference; explicitFileType = "compiled.mach-o.executable"; includeInIndex = 0; path = Algorithm; sourceTree = BUILT_PRODUCTS_DIR; };
		6B2AA8D728D8540A0034EBF2 /* BFS01.swift */ = {isa = PBXFileReference; lastKnownFileType = sourcecode.swift; path = BFS01.swift; sourceTree = "<group>"; };
		6B2AA8DF28D855100034EBF2 /* BFS02.swift */ = {isa = PBXFileReference; lastKnownFileType = sourcecode.swift; path = BFS02.swift; sourceTree = "<group>"; };
		6B2AA8E128D856320034EBF2 /* DFS01.swift */ = {isa = PBXFileReference; lastKnownFileType = sourcecode.swift; path = DFS01.swift; sourceTree = "<group>"; };
		6B2AA8E328D8565E0034EBF2 /* DFS02.swift */ = {isa = PBXFileReference; lastKnownFileType = sourcecode.swift; path = DFS02.swift; sourceTree = "<group>"; };
		6B2EE5A628E54AE300AC12ED /* main.swift */ = {isa = PBXFileReference; lastKnownFileType = sourcecode.swift; path = main.swift; sourceTree = "<group>"; };
		6B33A5B12966AEBE00110AB0 /* 상하좌우.swift */ = {isa = PBXFileReference; lastKnownFileType = sourcecode.swift; path = "상하좌우.swift"; sourceTree = "<group>"; };
		6B3E999E28F68C1100C9C8EE /* Graph06.swift */ = {isa = PBXFileReference; lastKnownFileType = sourcecode.swift; path = Graph06.swift; sourceTree = "<group>"; };
		6B40943528DFAABA00CC6D62 /* ParametricSearch01.swift */ = {isa = PBXFileReference; lastKnownFileType = sourcecode.swift; path = ParametricSearch01.swift; sourceTree = "<group>"; };
		6B42A0DA2988B36B00914BF2 /* 모험가 길드.swift */ = {isa = PBXFileReference; lastKnownFileType = sourcecode.swift; path = "모험가 길드.swift"; sourceTree = "<group>"; };
		6B44041E28E3E3AC003A8E32 /* BinarySearch02.swift */ = {isa = PBXFileReference; lastKnownFileType = sourcecode.swift; path = BinarySearch02.swift; sourceTree = "<group>"; };
		6B4B0688296593660070D148 /* Basics02.swift */ = {isa = PBXFileReference; lastKnownFileType = sourcecode.swift; path = Basics02.swift; sourceTree = "<group>"; };
		6B4B068A2965A2B50070D148 /* Basics03.swift */ = {isa = PBXFileReference; lastKnownFileType = sourcecode.swift; path = Basics03.swift; sourceTree = "<group>"; };
		6B4B068C2965B9680070D148 /* Basics04.swift */ = {isa = PBXFileReference; lastKnownFileType = sourcecode.swift; path = Basics04.swift; sourceTree = "<group>"; };
		6B56D97328FCD05800F6C1DC /* Graph08.swift */ = {isa = PBXFileReference; lastKnownFileType = sourcecode.swift; path = Graph08.swift; sourceTree = "<group>"; };
		6B5B70B328ED19C600D59C95 /* Graph02.swift */ = {isa = PBXFileReference; lastKnownFileType = sourcecode.swift; path = Graph02.swift; sourceTree = "<group>"; };
		6B6295352967D7FB00883EBA /* BinarySearch.md */ = {isa = PBXFileReference; lastKnownFileType = net.daringfireball.markdown; path = BinarySearch.md; sourceTree = "<group>"; };
		6B6295362967D84700883EBA /* DFS.md */ = {isa = PBXFileReference; lastKnownFileType = net.daringfireball.markdown; path = DFS.md; sourceTree = "<group>"; };
		6B6295372967D84E00883EBA /* BFS.md */ = {isa = PBXFileReference; lastKnownFileType = net.daringfireball.markdown; path = BFS.md; sourceTree = "<group>"; };
		6B66819728E2892000A138AE /* BinarySearch01.swift */ = {isa = PBXFileReference; lastKnownFileType = sourcecode.swift; path = BinarySearch01.swift; sourceTree = "<group>"; };
		6B73850C2966CAA600D6266D /* 왕실의 나이트.swift */ = {isa = PBXFileReference; lastKnownFileType = sourcecode.swift; path = "왕실의 나이트.swift"; sourceTree = "<group>"; };
		6B778B9028ED922A00972C27 /* Graph03.swift */ = {isa = PBXFileReference; lastKnownFileType = sourcecode.swift; path = Graph03.swift; sourceTree = "<group>"; };
		6B784B3229947E430044A067 /* Rotate.swift */ = {isa = PBXFileReference; lastKnownFileType = sourcecode.swift; path = Rotate.swift; sourceTree = "<group>"; };
		6B84A360295F0E4D007B0167 /* CounterActor.swift */ = {isa = PBXFileReference; lastKnownFileType = sourcecode.swift; path = CounterActor.swift; sourceTree = "<group>"; };
		6B84A362295F0E5C007B0167 /* CounterClass.swift */ = {isa = PBXFileReference; lastKnownFileType = sourcecode.swift; path = CounterClass.swift; sourceTree = "<group>"; };
		6B906D1B29878BEF009ED258 /* 서로소 집합 알고리즘.swift */ = {isa = PBXFileReference; lastKnownFileType = sourcecode.swift; path = "서로소 집합 알고리즘.swift"; sourceTree = "<group>"; };
		6B906D1D29879DBC009ED258 /* 무방향 그래프 사이클.swift */ = {isa = PBXFileReference; lastKnownFileType = sourcecode.swift; path = "무방향 그래프 사이클.swift"; sourceTree = "<group>"; };
		6B906D1F2987A54B009ED258 /* 팀 결성.swift */ = {isa = PBXFileReference; lastKnownFileType = sourcecode.swift; path = "팀 결성.swift"; sourceTree = "<group>"; };
		6B95A91B296A809F00A6A11A /* 선택 정렬.swift */ = {isa = PBXFileReference; lastKnownFileType = sourcecode.swift; path = "선택 정렬.swift"; sourceTree = "<group>"; };
		6B95A91D296A8AA800A6A11A /* 삽입 정렬.swift */ = {isa = PBXFileReference; lastKnownFileType = sourcecode.swift; path = "삽입 정렬.swift"; sourceTree = "<group>"; };
		6B95A91F296A8F3500A6A11A /* 퀵 정렬.swift */ = {isa = PBXFileReference; lastKnownFileType = sourcecode.swift; path = "퀵 정렬.swift"; sourceTree = "<group>"; };
		6B95A921296AA69D00A6A11A /* 계수 정렬.swift */ = {isa = PBXFileReference; lastKnownFileType = sourcecode.swift; path = "계수 정렬.swift"; sourceTree = "<group>"; };
		6B97D17C2995119F00DFD680 /* 설탕 배달.swift */ = {isa = PBXFileReference; lastKnownFileType = sourcecode.swift; path = "설탕 배달.swift"; sourceTree = "<group>"; };
		6B97D17E2995132200DFD680 /* 설탕 배달_그리디.swift */ = {isa = PBXFileReference; lastKnownFileType = sourcecode.swift; path = "설탕 배달_그리디.swift"; sourceTree = "<group>"; };
		6B97D1802995238800DFD680 /* DFS와 BFS.swift */ = {isa = PBXFileReference; lastKnownFileType = sourcecode.swift; path = "DFS와 BFS.swift"; sourceTree = "<group>"; };
		6B97D1822995281F00DFD680 /* 바이러스.swift */ = {isa = PBXFileReference; lastKnownFileType = sourcecode.swift; path = "바이러스.swift"; sourceTree = "<group>"; };
		6B97D18429952C4D00DFD680 /* 거스름돈2.swift */ = {isa = PBXFileReference; lastKnownFileType = sourcecode.swift; path = "거스름돈2.swift"; sourceTree = "<group>"; };
		6B97D1862995374F00DFD680 /* 카드 정렬하기.swift */ = {isa = PBXFileReference; lastKnownFileType = sourcecode.swift; path = "카드 정렬하기.swift"; sourceTree = "<group>"; };
		6B97D18829953EB200DFD680 /* 카드 정렬하기_우선순위 큐.swift */ = {isa = PBXFileReference; lastKnownFileType = sourcecode.swift; path = "카드 정렬하기_우선순위 큐.swift"; sourceTree = "<group>"; };
		6BA200132999282500C18B3F /* split, map, sorted.swift */ = {isa = PBXFileReference; lastKnownFileType = sourcecode.swift; path = "split, map, sorted.swift"; sourceTree = "<group>"; };
		6BACB4BA2969068D007139EA /* 거스름돈.swift */ = {isa = PBXFileReference; lastKnownFileType = sourcecode.swift; path = "거스름돈.swift"; sourceTree = "<group>"; };
		6BACB4BC29690AFD007139EA /* 큰 수의 법칙.swift */ = {isa = PBXFileReference; lastKnownFileType = sourcecode.swift; path = "큰 수의 법칙.swift"; sourceTree = "<group>"; };
		6BCDA6F129682C1F0003F6F0 /* 부품 찾기.swift */ = {isa = PBXFileReference; lastKnownFileType = sourcecode.swift; path = "부품 찾기.swift"; sourceTree = "<group>"; };
		6BCDA6F3296833C50003F6F0 /* 부품 찾기_계수 정렬.swift */ = {isa = PBXFileReference; lastKnownFileType = sourcecode.swift; path = "부품 찾기_계수 정렬.swift"; sourceTree = "<group>"; };
		6BCDA6F72968374E0003F6F0 /* 부품 찾기_집합.swift */ = {isa = PBXFileReference; lastKnownFileType = sourcecode.swift; path = "부품 찾기_집합.swift"; sourceTree = "<group>"; };
		6BD3EC4928DC086E00EF7048 /* DFS03.swift */ = {isa = PBXFileReference; lastKnownFileType = sourcecode.swift; path = DFS03.swift; sourceTree = "<group>"; };
		6BEEA6E429677509001F9920 /* Factorial.swift */ = {isa = PBXFileReference; lastKnownFileType = sourcecode.swift; path = Factorial.swift; sourceTree = "<group>"; };
		6BF0FAB628EA1E4900259236 /* Graph01.swift */ = {isa = PBXFileReference; lastKnownFileType = sourcecode.swift; path = Graph01.swift; sourceTree = "<group>"; };
		6BF2617928F86C5000CEECAE /* Graph07.swift */ = {isa = PBXFileReference; lastKnownFileType = sourcecode.swift; path = Graph07.swift; sourceTree = "<group>"; };
		6BF2618028F9068C00CEECAE /* MinHeap.swift */ = {isa = PBXFileReference; lastKnownFileType = sourcecode.swift; path = MinHeap.swift; sourceTree = "<group>"; };
		6BF5899F299629E50053DC46 /* 토마토.swift */ = {isa = PBXFileReference; lastKnownFileType = sourcecode.swift; path = "토마토.swift"; sourceTree = "<group>"; };
		6BF589A1299637130053DC46 /* 나이트의 이동.swift */ = {isa = PBXFileReference; lastKnownFileType = sourcecode.swift; path = "나이트의 이동.swift"; sourceTree = "<group>"; };
		6BF589A3299645EC0053DC46 /* 데이터 입력 - split.swift */ = {isa = PBXFileReference; lastKnownFileType = sourcecode.swift; path = "데이터 입력 - split.swift"; sourceTree = "<group>"; };
		6BF589A5299648CC0053DC46 /* switchWithIntValue.swift */ = {isa = PBXFileReference; lastKnownFileType = sourcecode.swift; path = switchWithIntValue.swift; sourceTree = "<group>"; };
		6BF589A729964C6B0053DC46 /* 팩토리얼.swift */ = {isa = PBXFileReference; lastKnownFileType = sourcecode.swift; path = "팩토리얼.swift"; sourceTree = "<group>"; };
		6BF69F5E2978C180002475B5 /* 개미 전사.swift */ = {isa = PBXFileReference; lastKnownFileType = sourcecode.swift; path = "개미 전사.swift"; sourceTree = "<group>"; };
		6BF69F602978C4C7002475B5 /* 바닥 공사.swift */ = {isa = PBXFileReference; lastKnownFileType = sourcecode.swift; path = "바닥 공사.swift"; sourceTree = "<group>"; };
		6BF69F632978DE74002475B5 /* 미래 도시.swift */ = {isa = PBXFileReference; lastKnownFileType = sourcecode.swift; path = "미래 도시.swift"; sourceTree = "<group>"; };
		6BF69F642978E77B002475B5 /* Floyd Warshall Algorithm.swift */ = {isa = PBXFileReference; lastKnownFileType = sourcecode.swift; path = "Floyd Warshall Algorithm.swift"; sourceTree = "<group>"; };
		6BF8206C2995541D00EBA9A0 /* 유기농 배추.swift */ = {isa = PBXFileReference; lastKnownFileType = sourcecode.swift; path = "유기농 배추.swift"; sourceTree = "<group>"; };
		6BFCCC502967A30100D5083E /* 음료수 얼려 먹기.swift */ = {isa = PBXFileReference; lastKnownFileType = sourcecode.swift; path = "음료수 얼려 먹기.swift"; sourceTree = "<group>"; };
		6BFCCC522967A4AA00D5083E /* 미로탈출.swift */ = {isa = PBXFileReference; lastKnownFileType = sourcecode.swift; path = "미로탈출.swift"; sourceTree = "<group>"; };
		6BFCCC542967D07D00D5083E /* 재귀 함수로 구현한 이진 탐색 코드.swift */ = {isa = PBXFileReference; lastKnownFileType = sourcecode.swift; path = "재귀 함수로 구현한 이진 탐색 코드.swift"; sourceTree = "<group>"; };
		6BFCCC562967D63B00D5083E /* 반복문으로 구현한 이진 탐색 코드.swift */ = {isa = PBXFileReference; lastKnownFileType = sourcecode.swift; path = "반복문으로 구현한 이진 탐색 코드.swift"; sourceTree = "<group>"; };
/* End PBXFileReference section */

/* Begin PBXFrameworksBuildPhase section */
		6B2AA8D128D8540A0034EBF2 /* Frameworks */ = {
			isa = PBXFrameworksBuildPhase;
			buildActionMask = 2147483647;
			files = (
			);
			runOnlyForDeploymentPostprocessing = 0;
		};
/* End PBXFrameworksBuildPhase section */

/* Begin PBXGroup section */
		6B0CD8A72965766D00AC1E67 /* Basics */ = {
			isa = PBXGroup;
			children = (
				6B0CD8A82965787100AC1E67 /* Basics01.swift */,
				6B4B0688296593660070D148 /* Basics02.swift */,
				6B4B068A2965A2B50070D148 /* Basics03.swift */,
				6B4B068C2965B9680070D148 /* Basics04.swift */,
				6BEEA6E429677509001F9920 /* Factorial.swift */,
				6BF589A3299645EC0053DC46 /* 데이터 입력 - split.swift */,
				6BF589A5299648CC0053DC46 /* switchWithIntValue.swift */,
				6BF589A729964C6B0053DC46 /* 팩토리얼.swift */,
			);
			path = Basics;
			sourceTree = "<group>";
		};
		6B291AD928EFD7A2003A9623 /* LinkedList */ = {
			isa = PBXGroup;
			children = (
				6B291ADA28EFD7B4003A9623 /* DoublyLinkedList.swift */,
			);
			path = LinkedList;
			sourceTree = "<group>";
		};
		6B2AA8CB28D8540A0034EBF2 = {
			isa = PBXGroup;
			children = (
				6B2AA8D628D8540A0034EBF2 /* Algorithm */,
				6B2AA8D528D8540A0034EBF2 /* Products */,
			);
			sourceTree = "<group>";
		};
		6B2AA8D528D8540A0034EBF2 /* Products */ = {
			isa = PBXGroup;
			children = (
				6B2AA8D428D8540A0034EBF2 /* Algorithm */,
			);
			name = Products;
			sourceTree = "<group>";
		};
		6B2AA8D628D8540A0034EBF2 /* Algorithm */ = {
			isa = PBXGroup;
			children = (
				6B784B31299477BE0044A067 /* Matrix */,
				6BF69F622978DE62002475B5 /* 최단 거리 */,
				6BF69F5D2978C08E002475B5 /* DynamicProgramming */,
				6B95A91A296A805E00A6A11A /* Sorting */,
				6BACB4B92969067C007139EA /* Greedy */,
				6B33A5B02966AE9500110AB0 /* Implementation */,
				6B0CD8A72965766D00AC1E67 /* Basics */,
				6B84A349295F0125007B0167 /* Actor */,
				6B291AD928EFD7A2003A9623 /* LinkedList */,
				6BF2617F28F9067C00CEECAE /* Heap */,
				6BF0FAB528EA1E3D00259236 /* Graph */,
				6B66819428E25FDB00A138AE /* BinarySearch */,
				6B2AA8DE28D854CC0034EBF2 /* DFS&BFS */,
				6B2EE5A628E54AE300AC12ED /* main.swift */,
			);
			path = Algorithm;
			sourceTree = "<group>";
		};
		6B2AA8DE28D854CC0034EBF2 /* DFS&BFS */ = {
			isa = PBXGroup;
			children = (
				6B6295362967D84700883EBA /* DFS.md */,
				6B6295372967D84E00883EBA /* BFS.md */,
				6B2AA8D728D8540A0034EBF2 /* BFS01.swift */,
				6B2AA8DF28D855100034EBF2 /* BFS02.swift */,
				6B2AA8E128D856320034EBF2 /* DFS01.swift */,
				6B2AA8E328D8565E0034EBF2 /* DFS02.swift */,
				6BD3EC4928DC086E00EF7048 /* DFS03.swift */,
				6BFCCC502967A30100D5083E /* 음료수 얼려 먹기.swift */,
				6BFCCC522967A4AA00D5083E /* 미로탈출.swift */,
				6B97D1802995238800DFD680 /* DFS와 BFS.swift */,
				6B97D1822995281F00DFD680 /* 바이러스.swift */,
				6BF8206C2995541D00EBA9A0 /* 유기농 배추.swift */,
			);
			path = "DFS&BFS";
			sourceTree = "<group>";
		};
		6B33A5B02966AE9500110AB0 /* Implementation */ = {
			isa = PBXGroup;
			children = (
				6B33A5B12966AEBE00110AB0 /* 상하좌우.swift */,
				6B73850C2966CAA600D6266D /* 왕실의 나이트.swift */,
			);
			path = Implementation;
			sourceTree = "<group>";
		};
		6B66819428E25FDB00A138AE /* BinarySearch */ = {
			isa = PBXGroup;
			children = (
				6B6295352967D7FB00883EBA /* BinarySearch.md */,
				6B66819728E2892000A138AE /* BinarySearch01.swift */,
				6B44041E28E3E3AC003A8E32 /* BinarySearch02.swift */,
				6B40943528DFAABA00CC6D62 /* ParametricSearch01.swift */,
				6BFCCC542967D07D00D5083E /* 재귀 함수로 구현한 이진 탐색 코드.swift */,
				6BFCCC562967D63B00D5083E /* 반복문으로 구현한 이진 탐색 코드.swift */,
				6BCDA6F129682C1F0003F6F0 /* 부품 찾기.swift */,
				6BCDA6F3296833C50003F6F0 /* 부품 찾기_계수 정렬.swift */,
				6BCDA6F72968374E0003F6F0 /* 부품 찾기_집합.swift */,
			);
			path = BinarySearch;
			sourceTree = "<group>";
		};
		6B784B31299477BE0044A067 /* Matrix */ = {
			isa = PBXGroup;
			children = (
				6B784B3229947E430044A067 /* Rotate.swift */,
			);
			path = Matrix;
			sourceTree = "<group>";
		};
		6B84A349295F0125007B0167 /* Actor */ = {
			isa = PBXGroup;
			children = (
				6B84A360295F0E4D007B0167 /* CounterActor.swift */,
				6B84A362295F0E5C007B0167 /* CounterClass.swift */,
			);
			path = Actor;
			sourceTree = "<group>";
		};
		6B95A91A296A805E00A6A11A /* Sorting */ = {
			isa = PBXGroup;
			children = (
				6B95A91B296A809F00A6A11A /* 선택 정렬.swift */,
				6B95A91D296A8AA800A6A11A /* 삽입 정렬.swift */,
				6B95A91F296A8F3500A6A11A /* 퀵 정렬.swift */,
				6B95A921296AA69D00A6A11A /* 계수 정렬.swift */,
				6B0CFA2C296F208200237FB9 /* 성적이 낮은 순서로 학생 출력하기.swift */,
			);
			path = Sorting;
			sourceTree = "<group>";
		};
		6BACB4B92969067C007139EA /* Greedy */ = {
			isa = PBXGroup;
			children = (
				6BACB4BA2969068D007139EA /* 거스름돈.swift */,
				6BACB4BC29690AFD007139EA /* 큰 수의 법칙.swift */,
				6B42A0DA2988B36B00914BF2 /* 모험가 길드.swift */,
				6B97D17E2995132200DFD680 /* 설탕 배달_그리디.swift */,
				6B97D18429952C4D00DFD680 /* 거스름돈2.swift */,
				6B97D1862995374F00DFD680 /* 카드 정렬하기.swift */,
				6B97D18829953EB200DFD680 /* 카드 정렬하기_우선순위 큐.swift */,
				6BA200132999282500C18B3F /* split, map, sorted.swift */,
			);
			path = Greedy;
			sourceTree = "<group>";
		};
		6BF0FAB528EA1E3D00259236 /* Graph */ = {
			isa = PBXGroup;
			children = (
				6BF0FAB628EA1E4900259236 /* Graph01.swift */,
				6B5B70B328ED19C600D59C95 /* Graph02.swift */,
				6B778B9028ED922A00972C27 /* Graph03.swift */,
				6B291AD728EFC805003A9623 /* Graph04.swift */,
				6B291ADC28EFEB8D003A9623 /* Graph05.swift */,
				6B3E999E28F68C1100C9C8EE /* Graph06.swift */,
				6BF2617928F86C5000CEECAE /* Graph07.swift */,
				6B56D97328FCD05800F6C1DC /* Graph08.swift */,
				6B906D1B29878BEF009ED258 /* 서로소 집합 알고리즘.swift */,
				6B906D1D29879DBC009ED258 /* 무방향 그래프 사이클.swift */,
				6B906D1F2987A54B009ED258 /* 팀 결성.swift */,
				6BF5899F299629E50053DC46 /* 토마토.swift */,
				6BF589A1299637130053DC46 /* 나이트의 이동.swift */,
			);
			path = Graph;
			sourceTree = "<group>";
		};
		6BF2617F28F9067C00CEECAE /* Heap */ = {
			isa = PBXGroup;
			children = (
				6BF2618028F9068C00CEECAE /* MinHeap.swift */,
			);
			path = Heap;
			sourceTree = "<group>";
		};
		6BF69F5D2978C08E002475B5 /* DynamicProgramming */ = {
			isa = PBXGroup;
			children = (
				6BF69F5E2978C180002475B5 /* 개미 전사.swift */,
				6BF69F602978C4C7002475B5 /* 바닥 공사.swift */,
				6B97D17C2995119F00DFD680 /* 설탕 배달.swift */,
			);
			path = DynamicProgramming;
			sourceTree = "<group>";
		};
		6BF69F622978DE62002475B5 /* 최단 거리 */ = {
			isa = PBXGroup;
			children = (
				6BF69F632978DE74002475B5 /* 미래 도시.swift */,
				6BF69F642978E77B002475B5 /* Floyd Warshall Algorithm.swift */,
			);
			name = "최단 거리";
			path = "최단 거리";
			sourceTree = "<group>";
		};
/* End PBXGroup section */

/* Begin PBXNativeTarget section */
		6B2AA8D328D8540A0034EBF2 /* Algorithm */ = {
			isa = PBXNativeTarget;
			buildConfigurationList = 6B2AA8DB28D8540A0034EBF2 /* Build configuration list for PBXNativeTarget "Algorithm" */;
			buildPhases = (
				6B2AA8D028D8540A0034EBF2 /* Sources */,
				6B2AA8D128D8540A0034EBF2 /* Frameworks */,
				6B2AA8D228D8540A0034EBF2 /* CopyFiles */,
			);
			buildRules = (
			);
			dependencies = (
			);
			name = Algorithm;
			productName = Algorithm;
			productReference = 6B2AA8D428D8540A0034EBF2 /* Algorithm */;
			productType = "com.apple.product-type.tool";
		};
/* End PBXNativeTarget section */

/* Begin PBXProject section */
		6B2AA8CC28D8540A0034EBF2 /* Project object */ = {
			isa = PBXProject;
			attributes = {
				BuildIndependentTargetsInParallel = 1;
				LastSwiftUpdateCheck = 1420;
				LastUpgradeCheck = 1400;
				TargetAttributes = {
					6B2AA8D328D8540A0034EBF2 = {
						CreatedOnToolsVersion = 14.0;
						LastSwiftMigration = 1400;
					};
				};
			};
			buildConfigurationList = 6B2AA8CF28D8540A0034EBF2 /* Build configuration list for PBXProject "Algorithm" */;
			compatibilityVersion = "Xcode 14.0";
			developmentRegion = en;
			hasScannedForEncodings = 0;
			knownRegions = (
				en,
				Base,
			);
			mainGroup = 6B2AA8CB28D8540A0034EBF2;
			productRefGroup = 6B2AA8D528D8540A0034EBF2 /* Products */;
			projectDirPath = "";
			projectRoot = "";
			targets = (
				6B2AA8D328D8540A0034EBF2 /* Algorithm */,
			);
		};
/* End PBXProject section */

/* Begin PBXSourcesBuildPhase section */
		6B2AA8D028D8540A0034EBF2 /* Sources */ = {
			isa = PBXSourcesBuildPhase;
			buildActionMask = 2147483647;
			files = (
				6B2EE5A728E54AE300AC12ED /* main.swift in Sources */,
			);
			runOnlyForDeploymentPostprocessing = 0;
		};
/* End PBXSourcesBuildPhase section */

/* Begin XCBuildConfiguration section */
		6B2AA8D928D8540A0034EBF2 /* Debug */ = {
			isa = XCBuildConfiguration;
			buildSettings = {
				ALWAYS_SEARCH_USER_PATHS = NO;
				CLANG_ANALYZER_NONNULL = YES;
				CLANG_ANALYZER_NUMBER_OBJECT_CONVERSION = YES_AGGRESSIVE;
				CLANG_CXX_LANGUAGE_STANDARD = "gnu++20";
				CLANG_ENABLE_MODULES = YES;
				CLANG_ENABLE_OBJC_ARC = YES;
				CLANG_ENABLE_OBJC_WEAK = YES;
				CLANG_WARN_BLOCK_CAPTURE_AUTORELEASING = YES;
				CLANG_WARN_BOOL_CONVERSION = YES;
				CLANG_WARN_COMMA = YES;
				CLANG_WARN_CONSTANT_CONVERSION = YES;
				CLANG_WARN_DEPRECATED_OBJC_IMPLEMENTATIONS = YES;
				CLANG_WARN_DIRECT_OBJC_ISA_USAGE = YES_ERROR;
				CLANG_WARN_DOCUMENTATION_COMMENTS = YES;
				CLANG_WARN_EMPTY_BODY = YES;
				CLANG_WARN_ENUM_CONVERSION = YES;
				CLANG_WARN_INFINITE_RECURSION = YES;
				CLANG_WARN_INT_CONVERSION = YES;
				CLANG_WARN_NON_LITERAL_NULL_CONVERSION = YES;
				CLANG_WARN_OBJC_IMPLICIT_RETAIN_SELF = YES;
				CLANG_WARN_OBJC_LITERAL_CONVERSION = YES;
				CLANG_WARN_OBJC_ROOT_CLASS = YES_ERROR;
				CLANG_WARN_QUOTED_INCLUDE_IN_FRAMEWORK_HEADER = YES;
				CLANG_WARN_RANGE_LOOP_ANALYSIS = YES;
				CLANG_WARN_STRICT_PROTOTYPES = YES;
				CLANG_WARN_SUSPICIOUS_MOVE = YES;
				CLANG_WARN_UNGUARDED_AVAILABILITY = YES_AGGRESSIVE;
				CLANG_WARN_UNREACHABLE_CODE = YES;
				CLANG_WARN__DUPLICATE_METHOD_MATCH = YES;
				COPY_PHASE_STRIP = NO;
				DEBUG_INFORMATION_FORMAT = dwarf;
				ENABLE_STRICT_OBJC_MSGSEND = YES;
				ENABLE_TESTABILITY = YES;
				GCC_C_LANGUAGE_STANDARD = gnu11;
				GCC_DYNAMIC_NO_PIC = NO;
				GCC_NO_COMMON_BLOCKS = YES;
				GCC_OPTIMIZATION_LEVEL = 0;
				GCC_PREPROCESSOR_DEFINITIONS = (
					"DEBUG=1",
					"$(inherited)",
				);
				GCC_WARN_64_TO_32_BIT_CONVERSION = YES;
				GCC_WARN_ABOUT_RETURN_TYPE = YES_ERROR;
				GCC_WARN_UNDECLARED_SELECTOR = YES;
				GCC_WARN_UNINITIALIZED_AUTOS = YES_AGGRESSIVE;
				GCC_WARN_UNUSED_FUNCTION = YES;
				GCC_WARN_UNUSED_VARIABLE = YES;
				MACOSX_DEPLOYMENT_TARGET = 12.3;
				MTL_ENABLE_DEBUG_INFO = INCLUDE_SOURCE;
				MTL_FAST_MATH = YES;
				ONLY_ACTIVE_ARCH = YES;
				SDKROOT = macosx;
				SWIFT_ACTIVE_COMPILATION_CONDITIONS = DEBUG;
				SWIFT_OPTIMIZATION_LEVEL = "-Onone";
			};
			name = Debug;
		};
		6B2AA8DA28D8540A0034EBF2 /* Release */ = {
			isa = XCBuildConfiguration;
			buildSettings = {
				ALWAYS_SEARCH_USER_PATHS = NO;
				CLANG_ANALYZER_NONNULL = YES;
				CLANG_ANALYZER_NUMBER_OBJECT_CONVERSION = YES_AGGRESSIVE;
				CLANG_CXX_LANGUAGE_STANDARD = "gnu++20";
				CLANG_ENABLE_MODULES = YES;
				CLANG_ENABLE_OBJC_ARC = YES;
				CLANG_ENABLE_OBJC_WEAK = YES;
				CLANG_WARN_BLOCK_CAPTURE_AUTORELEASING = YES;
				CLANG_WARN_BOOL_CONVERSION = YES;
				CLANG_WARN_COMMA = YES;
				CLANG_WARN_CONSTANT_CONVERSION = YES;
				CLANG_WARN_DEPRECATED_OBJC_IMPLEMENTATIONS = YES;
				CLANG_WARN_DIRECT_OBJC_ISA_USAGE = YES_ERROR;
				CLANG_WARN_DOCUMENTATION_COMMENTS = YES;
				CLANG_WARN_EMPTY_BODY = YES;
				CLANG_WARN_ENUM_CONVERSION = YES;
				CLANG_WARN_INFINITE_RECURSION = YES;
				CLANG_WARN_INT_CONVERSION = YES;
				CLANG_WARN_NON_LITERAL_NULL_CONVERSION = YES;
				CLANG_WARN_OBJC_IMPLICIT_RETAIN_SELF = YES;
				CLANG_WARN_OBJC_LITERAL_CONVERSION = YES;
				CLANG_WARN_OBJC_ROOT_CLASS = YES_ERROR;
				CLANG_WARN_QUOTED_INCLUDE_IN_FRAMEWORK_HEADER = YES;
				CLANG_WARN_RANGE_LOOP_ANALYSIS = YES;
				CLANG_WARN_STRICT_PROTOTYPES = YES;
				CLANG_WARN_SUSPICIOUS_MOVE = YES;
				CLANG_WARN_UNGUARDED_AVAILABILITY = YES_AGGRESSIVE;
				CLANG_WARN_UNREACHABLE_CODE = YES;
				CLANG_WARN__DUPLICATE_METHOD_MATCH = YES;
				COPY_PHASE_STRIP = NO;
				DEBUG_INFORMATION_FORMAT = "dwarf-with-dsym";
				ENABLE_NS_ASSERTIONS = NO;
				ENABLE_STRICT_OBJC_MSGSEND = YES;
				GCC_C_LANGUAGE_STANDARD = gnu11;
				GCC_NO_COMMON_BLOCKS = YES;
				GCC_WARN_64_TO_32_BIT_CONVERSION = YES;
				GCC_WARN_ABOUT_RETURN_TYPE = YES_ERROR;
				GCC_WARN_UNDECLARED_SELECTOR = YES;
				GCC_WARN_UNINITIALIZED_AUTOS = YES_AGGRESSIVE;
				GCC_WARN_UNUSED_FUNCTION = YES;
				GCC_WARN_UNUSED_VARIABLE = YES;
				MACOSX_DEPLOYMENT_TARGET = 12.3;
				MTL_ENABLE_DEBUG_INFO = NO;
				MTL_FAST_MATH = YES;
				SDKROOT = macosx;
				SWIFT_COMPILATION_MODE = wholemodule;
				SWIFT_OPTIMIZATION_LEVEL = "-O";
			};
			name = Release;
		};
		6B2AA8DC28D8540A0034EBF2 /* Debug */ = {
			isa = XCBuildConfiguration;
			buildSettings = {
				CLANG_ENABLE_MODULES = YES;
				CODE_SIGN_STYLE = Automatic;
				DEVELOPMENT_TEAM = 65KV6R2AGS;
				ENABLE_HARDENED_RUNTIME = YES;
				LD_RUNPATH_SEARCH_PATHS = (
					"$(inherited)",
					"@executable_path/../Frameworks",
					"@loader_path/../Frameworks",
				);
				PRODUCT_NAME = "$(TARGET_NAME)";
				SWIFT_OPTIMIZATION_LEVEL = "-Onone";
				SWIFT_VERSION = 5.0;
			};
			name = Debug;
		};
		6B2AA8DD28D8540A0034EBF2 /* Release */ = {
			isa = XCBuildConfiguration;
			buildSettings = {
				CLANG_ENABLE_MODULES = YES;
				CODE_SIGN_STYLE = Automatic;
				DEVELOPMENT_TEAM = 65KV6R2AGS;
				ENABLE_HARDENED_RUNTIME = YES;
				LD_RUNPATH_SEARCH_PATHS = (
					"$(inherited)",
					"@executable_path/../Frameworks",
					"@loader_path/../Frameworks",
				);
				PRODUCT_NAME = "$(TARGET_NAME)";
				SWIFT_VERSION = 5.0;
			};
			name = Release;
		};
/* End XCBuildConfiguration section */

/* Begin XCConfigurationList section */
		6B2AA8CF28D8540A0034EBF2 /* Build configuration list for PBXProject "Algorithm" */ = {
			isa = XCConfigurationList;
			buildConfigurations = (
				6B2AA8D928D8540A0034EBF2 /* Debug */,
				6B2AA8DA28D8540A0034EBF2 /* Release */,
			);
			defaultConfigurationIsVisible = 0;
			defaultConfigurationName = Release;
		};
		6B2AA8DB28D8540A0034EBF2 /* Build configuration list for PBXNativeTarget "Algorithm" */ = {
			isa = XCConfigurationList;
			buildConfigurations = (
				6B2AA8DC28D8540A0034EBF2 /* Debug */,
				6B2AA8DD28D8540A0034EBF2 /* Release */,
			);
			defaultConfigurationIsVisible = 0;
			defaultConfigurationName = Release;
		};
/* End XCConfigurationList section */
	};
	rootObject = 6B2AA8CC28D8540A0034EBF2 /* Project object */;
}
