// !$*UTF8*$!
{
	archiveVersion = 1;
	classes = {
	};
	objectVersion = 56;
	objects = {

/* Begin PBXBuildFile section */
		6B2EE5A728E54AE300AC12ED /* main.swift in Sources */ = {isa = PBXBuildFile; fileRef = 6B2EE5A628E54AE300AC12ED /* main.swift */; };
/* End PBXBuildFile section */

/* Begin PBXCopyFilesBuildPhase section */
		6B2AA8D228D8540A0034EBF2 /* CopyFiles */ = {
			isa = PBXCopyFilesBuildPhase;
			buildActionMask = 2147483647;
			dstPath = /usr/share/man/man1/;
			dstSubfolderSpec = 0;
			files = (
			);
			runOnlyForDeploymentPostprocessing = 1;
		};
/* End PBXCopyFilesBuildPhase section */

/* Begin PBXFileReference section */
		6B291AD728EFC805003A9623 /* Graph04.swift */ = {isa = PBXFileReference; lastKnownFileType = sourcecode.swift; path = Graph04.swift; sourceTree = "<group>"; };
		6B291ADA28EFD7B4003A9623 /* DoublyLinkedList.swift */ = {isa = PBXFileReference; lastKnownFileType = sourcecode.swift; path = DoublyLinkedList.swift; sourceTree = "<group>"; };
		6B291ADC28EFEB8D003A9623 /* Graph05.swift */ = {isa = PBXFileReference; lastKnownFileType = sourcecode.swift; path = Graph05.swift; sourceTree = "<group>"; };
		6B2AA8D428D8540A0034EBF2 /* Algorithm */ = {isa = PBXFileReference; explicitFileType = "compiled.mach-o.executable"; includeInIndex = 0; path = Algorithm; sourceTree = BUILT_PRODUCTS_DIR; };
		6B2AA8D728D8540A0034EBF2 /* BFS01.swift */ = {isa = PBXFileReference; lastKnownFileType = sourcecode.swift; path = BFS01.swift; sourceTree = "<group>"; };
		6B2AA8DF28D855100034EBF2 /* BFS02.swift */ = {isa = PBXFileReference; lastKnownFileType = sourcecode.swift; path = BFS02.swift; sourceTree = "<group>"; };
		6B2AA8E128D856320034EBF2 /* DFS01.swift */ = {isa = PBXFileReference; lastKnownFileType = sourcecode.swift; path = DFS01.swift; sourceTree = "<group>"; };
		6B2AA8E328D8565E0034EBF2 /* DFS02.swift */ = {isa = PBXFileReference; lastKnownFileType = sourcecode.swift; path = DFS02.swift; sourceTree = "<group>"; };
		6B2AA8E528D856B50034EBF2 /* DFS.swift */ = {isa = PBXFileReference; lastKnownFileType = sourcecode.swift; path = DFS.swift; sourceTree = "<group>"; };
		6B2AA8E728D856D80034EBF2 /* BFS.swift */ = {isa = PBXFileReference; lastKnownFileType = sourcecode.swift; path = BFS.swift; sourceTree = "<group>"; };
		6B2EE5A628E54AE300AC12ED /* main.swift */ = {isa = PBXFileReference; lastKnownFileType = sourcecode.swift; path = main.swift; sourceTree = "<group>"; };
		6B3E999E28F68C1100C9C8EE /* Graph06.swift */ = {isa = PBXFileReference; lastKnownFileType = sourcecode.swift; path = Graph06.swift; sourceTree = "<group>"; };
		6B40943528DFAABA00CC6D62 /* ParametricSearch01.swift */ = {isa = PBXFileReference; lastKnownFileType = sourcecode.swift; path = ParametricSearch01.swift; sourceTree = "<group>"; };
		6B44041E28E3E3AC003A8E32 /* BinarySearch02.swift */ = {isa = PBXFileReference; lastKnownFileType = sourcecode.swift; path = BinarySearch02.swift; sourceTree = "<group>"; };
		6B56D97328FCD05800F6C1DC /* Graph08.swift */ = {isa = PBXFileReference; lastKnownFileType = sourcecode.swift; path = Graph08.swift; sourceTree = "<group>"; };
		6B5B70B328ED19C600D59C95 /* Graph02.swift */ = {isa = PBXFileReference; lastKnownFileType = sourcecode.swift; path = Graph02.swift; sourceTree = "<group>"; };
		6B66819528E2600700A138AE /* BinarySearch.swift */ = {isa = PBXFileReference; lastKnownFileType = sourcecode.swift; path = BinarySearch.swift; sourceTree = "<group>"; };
		6B66819728E2892000A138AE /* BinarySearch01.swift */ = {isa = PBXFileReference; lastKnownFileType = sourcecode.swift; path = BinarySearch01.swift; sourceTree = "<group>"; };
		6B778B9028ED922A00972C27 /* Graph03.swift */ = {isa = PBXFileReference; lastKnownFileType = sourcecode.swift; path = Graph03.swift; sourceTree = "<group>"; };
		6BD3EC4928DC086E00EF7048 /* DFS03.swift */ = {isa = PBXFileReference; lastKnownFileType = sourcecode.swift; path = DFS03.swift; sourceTree = "<group>"; };
		6BF0FAB628EA1E4900259236 /* Graph01.swift */ = {isa = PBXFileReference; lastKnownFileType = sourcecode.swift; path = Graph01.swift; sourceTree = "<group>"; };
		6BF2617928F86C5000CEECAE /* Graph07.swift */ = {isa = PBXFileReference; lastKnownFileType = sourcecode.swift; path = Graph07.swift; sourceTree = "<group>"; };
		6BF2618028F9068C00CEECAE /* MinHeap.swift */ = {isa = PBXFileReference; lastKnownFileType = sourcecode.swift; path = MinHeap.swift; sourceTree = "<group>"; };
/* End PBXFileReference section */

/* Begin PBXFrameworksBuildPhase section */
		6B2AA8D128D8540A0034EBF2 /* Frameworks */ = {
			isa = PBXFrameworksBuildPhase;
			buildActionMask = 2147483647;
			files = (
			);
			runOnlyForDeploymentPostprocessing = 0;
		};
/* End PBXFrameworksBuildPhase section */

/* Begin PBXGroup section */
		6B291AD928EFD7A2003A9623 /* LinkedList */ = {
			isa = PBXGroup;
			children = (
				6B291ADA28EFD7B4003A9623 /* DoublyLinkedList.swift */,
			);
			path = LinkedList;
			sourceTree = "<group>";
		};
		6B2AA8CB28D8540A0034EBF2 = {
			isa = PBXGroup;
			children = (
				6B2AA8D628D8540A0034EBF2 /* Algorithm */,
				6B2AA8D528D8540A0034EBF2 /* Products */,
			);
			sourceTree = "<group>";
		};
		6B2AA8D528D8540A0034EBF2 /* Products */ = {
			isa = PBXGroup;
			children = (
				6B2AA8D428D8540A0034EBF2 /* Algorithm */,
			);
			name = Products;
			sourceTree = "<group>";
		};
		6B2AA8D628D8540A0034EBF2 /* Algorithm */ = {
			isa = PBXGroup;
			children = (
				6BF2617F28F9067C00CEECAE /* Heap */,
				6B291AD928EFD7A2003A9623 /* LinkedList */,
				6BF0FAB528EA1E3D00259236 /* Graph */,
				6B66819428E25FDB00A138AE /* BinarySearch */,
				6B2AA8DE28D854CC0034EBF2 /* DFS&BFS */,
				6B2EE5A628E54AE300AC12ED /* main.swift */,
			);
			path = Algorithm;
			sourceTree = "<group>";
		};
		6B2AA8DE28D854CC0034EBF2 /* DFS&BFS */ = {
			isa = PBXGroup;
			children = (
				6B2AA8D728D8540A0034EBF2 /* BFS01.swift */,
				6B2AA8DF28D855100034EBF2 /* BFS02.swift */,
				6B2AA8E128D856320034EBF2 /* DFS01.swift */,
				6B2AA8E328D8565E0034EBF2 /* DFS02.swift */,
				6BD3EC4928DC086E00EF7048 /* DFS03.swift */,
				6B2AA8E528D856B50034EBF2 /* DFS.swift */,
				6B2AA8E728D856D80034EBF2 /* BFS.swift */,
			);
			path = "DFS&BFS";
			sourceTree = "<group>";
		};
		6B66819428E25FDB00A138AE /* BinarySearch */ = {
			isa = PBXGroup;
			children = (
				6B66819528E2600700A138AE /* BinarySearch.swift */,
				6B66819728E2892000A138AE /* BinarySearch01.swift */,
				6B44041E28E3E3AC003A8E32 /* BinarySearch02.swift */,
				6B40943528DFAABA00CC6D62 /* ParametricSearch01.swift */,
			);
			path = BinarySearch;
			sourceTree = "<group>";
		};
		6BF0FAB528EA1E3D00259236 /* Graph */ = {
			isa = PBXGroup;
			children = (
				6BF0FAB628EA1E4900259236 /* Graph01.swift */,
				6B5B70B328ED19C600D59C95 /* Graph02.swift */,
				6B778B9028ED922A00972C27 /* Graph03.swift */,
				6B291AD728EFC805003A9623 /* Graph04.swift */,
				6B291ADC28EFEB8D003A9623 /* Graph05.swift */,
				6B3E999E28F68C1100C9C8EE /* Graph06.swift */,
				6BF2617928F86C5000CEECAE /* Graph07.swift */,
				6B56D97328FCD05800F6C1DC /* Graph08.swift */,
			);
			path = Graph;
			sourceTree = "<group>";
		};
		6BF2617F28F9067C00CEECAE /* Heap */ = {
			isa = PBXGroup;
			children = (
				6BF2618028F9068C00CEECAE /* MinHeap.swift */,
			);
			path = Heap;
			sourceTree = "<group>";
		};
/* End PBXGroup section */

/* Begin PBXNativeTarget section */
		6B2AA8D328D8540A0034EBF2 /* Algorithm */ = {
			isa = PBXNativeTarget;
			buildConfigurationList = 6B2AA8DB28D8540A0034EBF2 /* Build configuration list for PBXNativeTarget "Algorithm" */;
			buildPhases = (
				6B2AA8D028D8540A0034EBF2 /* Sources */,
				6B2AA8D128D8540A0034EBF2 /* Frameworks */,
				6B2AA8D228D8540A0034EBF2 /* CopyFiles */,
			);
			buildRules = (
			);
			dependencies = (
			);
			name = Algorithm;
			productName = Algorithm;
			productReference = 6B2AA8D428D8540A0034EBF2 /* Algorithm */;
			productType = "com.apple.product-type.tool";
		};
/* End PBXNativeTarget section */

/* Begin PBXProject section */
		6B2AA8CC28D8540A0034EBF2 /* Project object */ = {
			isa = PBXProject;
			attributes = {
				BuildIndependentTargetsInParallel = 1;
				LastSwiftUpdateCheck = 1400;
				LastUpgradeCheck = 1400;
				TargetAttributes = {
					6B2AA8D328D8540A0034EBF2 = {
						CreatedOnToolsVersion = 14.0;
						LastSwiftMigration = 1400;
					};
				};
			};
			buildConfigurationList = 6B2AA8CF28D8540A0034EBF2 /* Build configuration list for PBXProject "Algorithm" */;
			compatibilityVersion = "Xcode 14.0";
			developmentRegion = en;
			hasScannedForEncodings = 0;
			knownRegions = (
				en,
				Base,
			);
			mainGroup = 6B2AA8CB28D8540A0034EBF2;
			productRefGroup = 6B2AA8D528D8540A0034EBF2 /* Products */;
			projectDirPath = "";
			projectRoot = "";
			targets = (
				6B2AA8D328D8540A0034EBF2 /* Algorithm */,
			);
		};
/* End PBXProject section */

/* Begin PBXSourcesBuildPhase section */
		6B2AA8D028D8540A0034EBF2 /* Sources */ = {
			isa = PBXSourcesBuildPhase;
			buildActionMask = 2147483647;
			files = (
				6B2EE5A728E54AE300AC12ED /* main.swift in Sources */,
			);
			runOnlyForDeploymentPostprocessing = 0;
		};
/* End PBXSourcesBuildPhase section */

/* Begin XCBuildConfiguration section */
		6B2AA8D928D8540A0034EBF2 /* Debug */ = {
			isa = XCBuildConfiguration;
			buildSettings = {
				ALWAYS_SEARCH_USER_PATHS = NO;
				CLANG_ANALYZER_NONNULL = YES;
				CLANG_ANALYZER_NUMBER_OBJECT_CONVERSION = YES_AGGRESSIVE;
				CLANG_CXX_LANGUAGE_STANDARD = "gnu++20";
				CLANG_ENABLE_MODULES = YES;
				CLANG_ENABLE_OBJC_ARC = YES;
				CLANG_ENABLE_OBJC_WEAK = YES;
				CLANG_WARN_BLOCK_CAPTURE_AUTORELEASING = YES;
				CLANG_WARN_BOOL_CONVERSION = YES;
				CLANG_WARN_COMMA = YES;
				CLANG_WARN_CONSTANT_CONVERSION = YES;
				CLANG_WARN_DEPRECATED_OBJC_IMPLEMENTATIONS = YES;
				CLANG_WARN_DIRECT_OBJC_ISA_USAGE = YES_ERROR;
				CLANG_WARN_DOCUMENTATION_COMMENTS = YES;
				CLANG_WARN_EMPTY_BODY = YES;
				CLANG_WARN_ENUM_CONVERSION = YES;
				CLANG_WARN_INFINITE_RECURSION = YES;
				CLANG_WARN_INT_CONVERSION = YES;
				CLANG_WARN_NON_LITERAL_NULL_CONVERSION = YES;
				CLANG_WARN_OBJC_IMPLICIT_RETAIN_SELF = YES;
				CLANG_WARN_OBJC_LITERAL_CONVERSION = YES;
				CLANG_WARN_OBJC_ROOT_CLASS = YES_ERROR;
				CLANG_WARN_QUOTED_INCLUDE_IN_FRAMEWORK_HEADER = YES;
				CLANG_WARN_RANGE_LOOP_ANALYSIS = YES;
				CLANG_WARN_STRICT_PROTOTYPES = YES;
				CLANG_WARN_SUSPICIOUS_MOVE = YES;
				CLANG_WARN_UNGUARDED_AVAILABILITY = YES_AGGRESSIVE;
				CLANG_WARN_UNREACHABLE_CODE = YES;
				CLANG_WARN__DUPLICATE_METHOD_MATCH = YES;
				COPY_PHASE_STRIP = NO;
				DEBUG_INFORMATION_FORMAT = dwarf;
				ENABLE_STRICT_OBJC_MSGSEND = YES;
				ENABLE_TESTABILITY = YES;
				GCC_C_LANGUAGE_STANDARD = gnu11;
				GCC_DYNAMIC_NO_PIC = NO;
				GCC_NO_COMMON_BLOCKS = YES;
				GCC_OPTIMIZATION_LEVEL = 0;
				GCC_PREPROCESSOR_DEFINITIONS = (
					"DEBUG=1",
					"$(inherited)",
				);
				GCC_WARN_64_TO_32_BIT_CONVERSION = YES;
				GCC_WARN_ABOUT_RETURN_TYPE = YES_ERROR;
				GCC_WARN_UNDECLARED_SELECTOR = YES;
				GCC_WARN_UNINITIALIZED_AUTOS = YES_AGGRESSIVE;
				GCC_WARN_UNUSED_FUNCTION = YES;
				GCC_WARN_UNUSED_VARIABLE = YES;
				MACOSX_DEPLOYMENT_TARGET = 12.3;
				MTL_ENABLE_DEBUG_INFO = INCLUDE_SOURCE;
				MTL_FAST_MATH = YES;
				ONLY_ACTIVE_ARCH = YES;
				SDKROOT = macosx;
				SWIFT_ACTIVE_COMPILATION_CONDITIONS = DEBUG;
				SWIFT_OPTIMIZATION_LEVEL = "-Onone";
			};
			name = Debug;
		};
		6B2AA8DA28D8540A0034EBF2 /* Release */ = {
			isa = XCBuildConfiguration;
			buildSettings = {
				ALWAYS_SEARCH_USER_PATHS = NO;
				CLANG_ANALYZER_NONNULL = YES;
				CLANG_ANALYZER_NUMBER_OBJECT_CONVERSION = YES_AGGRESSIVE;
				CLANG_CXX_LANGUAGE_STANDARD = "gnu++20";
				CLANG_ENABLE_MODULES = YES;
				CLANG_ENABLE_OBJC_ARC = YES;
				CLANG_ENABLE_OBJC_WEAK = YES;
				CLANG_WARN_BLOCK_CAPTURE_AUTORELEASING = YES;
				CLANG_WARN_BOOL_CONVERSION = YES;
				CLANG_WARN_COMMA = YES;
				CLANG_WARN_CONSTANT_CONVERSION = YES;
				CLANG_WARN_DEPRECATED_OBJC_IMPLEMENTATIONS = YES;
				CLANG_WARN_DIRECT_OBJC_ISA_USAGE = YES_ERROR;
				CLANG_WARN_DOCUMENTATION_COMMENTS = YES;
				CLANG_WARN_EMPTY_BODY = YES;
				CLANG_WARN_ENUM_CONVERSION = YES;
				CLANG_WARN_INFINITE_RECURSION = YES;
				CLANG_WARN_INT_CONVERSION = YES;
				CLANG_WARN_NON_LITERAL_NULL_CONVERSION = YES;
				CLANG_WARN_OBJC_IMPLICIT_RETAIN_SELF = YES;
				CLANG_WARN_OBJC_LITERAL_CONVERSION = YES;
				CLANG_WARN_OBJC_ROOT_CLASS = YES_ERROR;
				CLANG_WARN_QUOTED_INCLUDE_IN_FRAMEWORK_HEADER = YES;
				CLANG_WARN_RANGE_LOOP_ANALYSIS = YES;
				CLANG_WARN_STRICT_PROTOTYPES = YES;
				CLANG_WARN_SUSPICIOUS_MOVE = YES;
				CLANG_WARN_UNGUARDED_AVAILABILITY = YES_AGGRESSIVE;
				CLANG_WARN_UNREACHABLE_CODE = YES;
				CLANG_WARN__DUPLICATE_METHOD_MATCH = YES;
				COPY_PHASE_STRIP = NO;
				DEBUG_INFORMATION_FORMAT = "dwarf-with-dsym";
				ENABLE_NS_ASSERTIONS = NO;
				ENABLE_STRICT_OBJC_MSGSEND = YES;
				GCC_C_LANGUAGE_STANDARD = gnu11;
				GCC_NO_COMMON_BLOCKS = YES;
				GCC_WARN_64_TO_32_BIT_CONVERSION = YES;
				GCC_WARN_ABOUT_RETURN_TYPE = YES_ERROR;
				GCC_WARN_UNDECLARED_SELECTOR = YES;
				GCC_WARN_UNINITIALIZED_AUTOS = YES_AGGRESSIVE;
				GCC_WARN_UNUSED_FUNCTION = YES;
				GCC_WARN_UNUSED_VARIABLE = YES;
				MACOSX_DEPLOYMENT_TARGET = 12.3;
				MTL_ENABLE_DEBUG_INFO = NO;
				MTL_FAST_MATH = YES;
				SDKROOT = macosx;
				SWIFT_COMPILATION_MODE = wholemodule;
				SWIFT_OPTIMIZATION_LEVEL = "-O";
			};
			name = Release;
		};
		6B2AA8DC28D8540A0034EBF2 /* Debug */ = {
			isa = XCBuildConfiguration;
			buildSettings = {
				CLANG_ENABLE_MODULES = YES;
				CODE_SIGN_STYLE = Automatic;
				DEVELOPMENT_TEAM = 65KV6R2AGS;
				ENABLE_HARDENED_RUNTIME = YES;
				LD_RUNPATH_SEARCH_PATHS = (
					"$(inherited)",
					"@executable_path/../Frameworks",
					"@loader_path/../Frameworks",
				);
				PRODUCT_NAME = "$(TARGET_NAME)";
				SWIFT_OPTIMIZATION_LEVEL = "-Onone";
				SWIFT_VERSION = 5.0;
			};
			name = Debug;
		};
		6B2AA8DD28D8540A0034EBF2 /* Release */ = {
			isa = XCBuildConfiguration;
			buildSettings = {
				CLANG_ENABLE_MODULES = YES;
				CODE_SIGN_STYLE = Automatic;
				DEVELOPMENT_TEAM = 65KV6R2AGS;
				ENABLE_HARDENED_RUNTIME = YES;
				LD_RUNPATH_SEARCH_PATHS = (
					"$(inherited)",
					"@executable_path/../Frameworks",
					"@loader_path/../Frameworks",
				);
				PRODUCT_NAME = "$(TARGET_NAME)";
				SWIFT_VERSION = 5.0;
			};
			name = Release;
		};
/* End XCBuildConfiguration section */

/* Begin XCConfigurationList section */
		6B2AA8CF28D8540A0034EBF2 /* Build configuration list for PBXProject "Algorithm" */ = {
			isa = XCConfigurationList;
			buildConfigurations = (
				6B2AA8D928D8540A0034EBF2 /* Debug */,
				6B2AA8DA28D8540A0034EBF2 /* Release */,
			);
			defaultConfigurationIsVisible = 0;
			defaultConfigurationName = Release;
		};
		6B2AA8DB28D8540A0034EBF2 /* Build configuration list for PBXNativeTarget "Algorithm" */ = {
			isa = XCConfigurationList;
			buildConfigurations = (
				6B2AA8DC28D8540A0034EBF2 /* Debug */,
				6B2AA8DD28D8540A0034EBF2 /* Release */,
			);
			defaultConfigurationIsVisible = 0;
			defaultConfigurationName = Release;
		};
/* End XCConfigurationList section */
	};
	rootObject = 6B2AA8CC28D8540A0034EBF2 /* Project object */;
}
